PODS:
  - FBSnapshotTestCase (2.1.4):
    - FBSnapshotTestCase/SwiftSupport (= 2.1.4)
  - FBSnapshotTestCase/Core (2.1.4)
  - FBSnapshotTestCase/SwiftSupport (2.1.4):
    - FBSnapshotTestCase/Core
  - WCCategory (0.1.7):
    - WCCategory/Define (= 0.1.7)
    - WCCategory/Foundation (= 0.1.7)
    - WCCategory/UIKit (= 0.1.7)
  - WCCategory/Define (0.1.7)
  - WCCategory/Foundation (0.1.7):
    - WCCategory/Define
  - WCCategory/UIKit (0.1.7):
    - WCCategory/Foundation
  - WCModel/Cache (0.1.2):
    - WCModel/File
    - WCModule/FMDB
  - WCModel/Entity (0.1.2):
    - WCCategory
  - WCModel/File (0.1.2):
    - WCCategory
    - WCModule/RegexKitLite
  - WCModule/ASIHttpRequest (0.1.7):
    - WCModule/Reachability
  - WCModule/FMDB (0.1.7)
  - WCModule/Reachability (0.1.7)
  - WCModule/RegexKitLite (0.1.7)
  - WCNetKit (0.1.4):
    - WCCategory
    - WCModel/Cache
    - WCModel/Entity
    - WCModule/ASIHttpRequest
    - WCNetKit/OpenUDID (= 0.1.4)
  - WCNetKit/OpenUDID (0.1.4):
    - WCCategory
    - WCModel/Cache
    - WCModel/Entity
    - WCModule/ASIHttpRequest

DEPENDENCIES:
  - FBSnapshotTestCase
  - WCNetKit (from `../`)

SPEC REPOS:
  https://github.com/cocoapods/specs.git:
    - FBSnapshotTestCase
    - WCCategory
    - WCModel
    - WCModule

EXTERNAL SOURCES:
  WCNetKit:
    :path: "../"

SPEC CHECKSUMS:
  FBSnapshotTestCase: 094f9f314decbabe373b87cc339bea235a63e07a
  WCCategory: 25b1e83ca30aad664a368c4bfac3d200f8fcc799
  WCModel: c613e3ec9de9b6558589d80ca44ba678e940e77f
  WCModule: 3d3973710ba356802162bc1f12bd431e6fc2c2db
  WCNetKit: 3f5fd41c2988671aff4203f9fcf98a14902e66d7

PODFILE CHECKSUM: 02d76323e72f8262f81cf5d6386f07b73cc36382

COCOAPODS: 1.7.5
